
Microsoft Visual Studio Solution File, Format Version 11.00
# Visual Studio 2010
Project("{FAE04EC0-301F-11D3-BF4B-00C04F79EFBC}") = "Common.Numerics", "..\Common\Numerics\Common.Numerics.csproj", "{32B7261A-CF53-4A10-AA11-FB3C5755BCD6}"
EndProject
Project("{FAE04EC0-301F-11D3-BF4B-00C04F79EFBC}") = "Learning", "Learning.csproj", "{5096DE65-C9D6-49E7-AE9D-3CEFC9F44BC2}"
EndProject
Global
	GlobalSection(SubversionScc) = preSolution
		Svn-Managed = True
		Manager = AnkhSVN - Subversion Support for Visual Studio
	EndGlobalSection
	GlobalSection(SolutionConfigurationPlatforms) = preSolution
		Debug|Any CPU = Debug|Any CPU
		Release|Any CPU = Release|Any CPU
	EndGlobalSection
	GlobalSection(ProjectConfigurationPlatforms) = postSolution
		{32B7261A-CF53-4A10-AA11-FB3C5755BCD6}.Debug|Any CPU.ActiveCfg = Debug|Any CPU
		{32B7261A-CF53-4A10-AA11-FB3C5755BCD6}.Debug|Any CPU.Build.0 = Debug|Any CPU
		{32B7261A-CF53-4A10-AA11-FB3C5755BCD6}.Release|Any CPU.ActiveCfg = Release|Any CPU
		{32B7261A-CF53-4A10-AA11-FB3C5755BCD6}.Release|Any CPU.Build.0 = Release|Any CPU
		{5096DE65-C9D6-49E7-AE9D-3CEFC9F44BC2}.Debug|Any CPU.ActiveCfg = Debug|Any CPU
		{5096DE65-C9D6-49E7-AE9D-3CEFC9F44BC2}.Debug|Any CPU.Build.0 = Debug|Any CPU
		{5096DE65-C9D6-49E7-AE9D-3CEFC9F44BC2}.Release|Any CPU.ActiveCfg = Release|Any CPU
		{5096DE65-C9D6-49E7-AE9D-3CEFC9F44BC2}.Release|Any CPU.Build.0 = Release|Any CPU
	EndGlobalSection
	GlobalSection(SolutionProperties) = preSolution
		HideSolutionNode = FALSE
	EndGlobalSection
EndGlobal
